github.com/davecgh/go-spew v1.1.1 h1:vj9j/u1bqnvCEfJOwUhtlOARqs3+rkHYY13jYWTU97c=
github.com/davecgh/go-spew v1.1.1/go.mod h1:J7Y8YcW2NihsgmVo/mv3lAwl/skON4iLHjSsI+c5H38=
github.com/google/go-cmp v0.5.5 h1:Khx7svrCpmxxtHBq5j2mp/xVjsi8hQMfNLvJFAlrGgU=
github.com/google/go-cmp v0.5.5/go.mod h1:v8dTdLbMG2kIc/vJvl+f65V22dbkXbowE6jgT/gNBxE=
github.com/kr/pretty v0.1.0 h1:L/CwN0zerZDmRFUapSPitk6f+Q3+0za1rQkzVuMiMFI=
github.com/kr/pretty v0.1.0/go.mod h1:dAy3ld7l9f0ibDNOQOHHMYYIIbhfbHSm3C4ZsoJORNo=
github.com/kr/pty v1.1.1/go.mod h1:pFQYn66WHrOpPYNljwOMqo10TkYh1fy3cYio2l3bCsQ=
github.com/kr/text v0.1.0/go.mod h1:4Jbv+DJW3UT/LiOwJeYQe1efqtUx/iVham/4vfdArNI=
github.com/kr/text v0.2.0 h1:5Nx0Ya0ZqY2ygV366QzturHI13Jq95ApcVaJBhpS+AY=
github.com/kr/text v0.2.0/go.mod h1:eLer722TekiGuMkidMxC/pM04lWEeraHUUmBw8l2grE=
github.com/nominal-io/nominal-api-go v0.0.0-20250821001851-419b2ae2d33d h1:I0CH2GS6w27nmdOqIutzAb9FKwUb3qUo9tOoAKuilU4=
github.com/nominal-io/nominal-api-go v0.0.0-20250821001851-419b2ae2d33d/go.mod h1:IPK8FcQ/30GN7rwy1roN/3FyeKbTL4Hl6BzgwPfqtqY=
github.com/palantir/pkg v1.1.0 h1:0EhrSUP8oeeh3MUvk7V/UU7WmsN1UiJNTvNj0sN9Cpo=
github.com/palantir/pkg v1.1.0/go.mod h1:KC9srP/9ssWRxBxFCIqhUGC4Jt7OJkWRz0Iqehup1/c=
github.com/palantir/pkg/bearertoken v1.1.0 h1:K8bcqxZl4kHxA9vQ3GnuqZA5w0mfldj5HLYtFdAbIFU=
github.com/palantir/pkg/bearertoken v1.1.0/go.mod h1:FkY30Vnu0efaMLFsy8no6WGr1Lp1R+O2Gcgh/idD2oA=
github.com/palantir/pkg/rid v1.1.0 h1:U6p5HhNT6E3T2MvPnvxnW0pU7v3IfabVBdO010uQMGE=
github.com/palantir/pkg/rid v1.1.0/go.mod h1:WDcAL/1o6V6yaa66QVWM2P3QHwUgft/MeStssFcVMR8=
github.com/palantir/pkg/safejson v1.1.0 h1:myVdz3dGPjac1o3aYDuODk7BaYdsxHcYLfVNXMRP+MU=
github.com/palantir/pkg/safejson v1.1.0/go.mod h1:CxrDB47zqztxqu4ufDnh6MCrFhPCxXLF5pe1xj8yKlA=
github.com/palantir/pkg/safeyaml v1.1.0 h1:5Pt3cGNw5QyOPYwfLsPImh+SiNIilSw3Cn4t3m7tZuo=
github.com/palantir/pkg/safeyaml v1.1.0/go.mod h1:RG0a/ze5V6uppZJvwV2e3RmyjKMxdPpwIyS5OHp3DPU=
github.com/palantir/pkg/transform v1.1.0 h1:43tnYETShELXCRro6+uc0GlgB4GZvsQ/YNH5301IxW8=
github.com/palantir/pkg/transform v1.1.0/go.mod h1:SHqpFkx1vKQ8Bb81VsmySYTsSHSBtgj06cZm9HihuGk=
github.com/pmezard/go-difflib v1.0.0 h1:4DBwDE0NGyQoBHbLQYPwSUPoCMWR5BEzIk/f1lZbAQM=
github.com/pmezard/go-difflib v1.0.0/go.mod h1:iKH77koFhYxTK1pcRnkKkqfTogsbg7gZNVY4sRDYZ/4=
github.com/stretchr/testify v1.10.0 h1:Xv5erBjTwe/5IxqUQTdXv5kgmIvbHo3QQyRwhJsOfJA=
github.com/stretchr/testify v1.10.0/go.mod h1:r2ic/lqez/lEtzL7wO/rwa5dbSLXVDPFyf8C91i36aY=
golang.org/x/xerrors v0.0.0-20191204190536-9bdfabe68543 h1:E7g+9GITq07hpfrRu66IVDexMakfv52eLZ2CXBWiKr4=
golang.org/x/xerrors v0.0.0-20191204190536-9bdfabe68543/go.mod h1:I/5z698sn9Ka8TeJc9MKroUUfqBBauWjQqLJ2OPfmY0=
google.golang.org/protobuf v1.33.0 h1:uNO2rsAINq/JlFpSdYEKIZ0uKD/R9cpdv0T+yoGwGmI=
google.golang.org/protobuf v1.33.0/go.mod h1:c6P6GXX6sHbq/GpV6MGZEdwhWPcYBgnhAHhKbcUYpos=
gopkg.in/check.v1 v0.0.0-20161208181325-20d25e280405/go.mod h1:Co6ibVJAznAaIkqp8huTwlJQCZ016jof/cbN4VW5Yz0=
gopkg.in/check.v1 v1.0.0-20180628173108-788fd7840127 h1:qIbj1fsPNlZgppZ+VLlY7N33q108Sa+fhmuc+sWQYwY=
gopkg.in/check.v1 v1.0.0-20180628173108-788fd7840127/go.mod h1:Co6ibVJAznAaIkqp8huTwlJQCZ016jof/cbN4VW5Yz0=
gopkg.in/yaml.v2 v2.4.0 h1:D8xgwECY7CYvx+Y2n4sBz93Jn9JRvxdiyyo8CTfuKaY=
gopkg.in/yaml.v2 v2.4.0/go.mod h1:RDklbk79AGWmwhnvt/jBztapEOGDOx6ZbXqjP6csGnQ=
gopkg.in/yaml.v3 v3.0.1 h1:fxVm/GzAzEWqLHuvctI91KS9hhNmmWOoWu0XTYJS7CA=
gopkg.in/yaml.v3 v3.0.1/go.mod h1:K4uyk7z7BCEPqu6E+C64Yfv1cQ7kz7rIZviUmN+EgEM=
